{
  "requires": true,
  "lockfileVersion": 1,
  "dependencies": {
    "abbrev": {
      "version": "1.1.1",
      "resolved": "https://registry.npmjs.org/abbrev/-/abbrev-1.1.1.tgz",
      "integrity": "sha512-nne9/IiQ/hzIhY6pdDnbBtz7DjPTKrY00P/zvPSm5pOFkl6xuGrGnXn/VtTNNfNtAfZ9/1RtehkszU9qcTii0Q=="
    },
    "iri": {
      "version": "1.1.1",
      "resolved": "https://registry.npmjs.org/iri/-/iri-1.1.1.tgz",
      "integrity": "sha1-Xaf3Cuu6TO6SdYt4+v4+LGPg/0M="
    },
    "lunr": {
      "version": "2.1.6",
      "resolved": "https://registry.npmjs.org/lunr/-/lunr-2.1.6.tgz",
      "integrity": "sha512-ydJpB8CX8cZ/VE+KMaYaFcZ6+o2LruM6NG76VXdflYTgluvVemz1lW4anE+pyBbLvxJHZdvD1Jy/fOqdzAEJog=="
    },
    "markdown": {
      "version": "0.5.0",
      "resolved": "https://registry.npmjs.org/markdown/-/markdown-0.5.0.tgz",
      "integrity": "sha1-KCBbVlqK51kt4gdGPWY33BgnIrI=",
      "requires": {
        "nopt": "~2.1.1"
      }
    },
    "nopt": {
      "version": "2.1.2",
      "resolved": "https://registry.npmjs.org/nopt/-/nopt-2.1.2.tgz",
      "integrity": "sha1-bMzZd7gBMqB3MdbozljCyDA8+a8=",
      "requires": {
        "abbrev": "1"
      }
    },
    "rdf": {
      "version": "3.0.1",
      "resolved": "https://registry.npmjs.org/rdf/-/rdf-3.0.1.tgz",
      "integrity": "sha1-QR9bif0cUT5yzPgvu0VfeH2k/k4=",
      "requires": {
        "iri": "~1"
      }
    },
    "rdfa": {
      "version": "0.0.2",
      "resolved": "https://registry.npmjs.org/rdfa/-/rdfa-0.0.2.tgz",
      "integrity": "sha512-5iXgg7+3+jp36Z8wQ8I9ni9fNBPhzGTP8OFi0prS7NzLydcAMZ7XoRbhHv3SQtp5LeXZ8LiZjngEqCg11IV0/g==",
      "requires": {
        "rdf": "^3.0.1"
      }
    },
    "xmldom": {
      "version": "0.1.27",
      "resolved": "https://registry.npmjs.org/xmldom/-/xmldom-0.1.27.tgz",
      "integrity": "sha1-1QH5ezvbQDr4757MIFcxh6rawOk="
    }
  }
}
